
Microsoft Visual Studio Solution File, Format Version 12.00
# Visual Studio Version 16
VisualStudioVersion = 16.0.29025.244
MinimumVisualStudioVersion = 10.0.40219.1
Project("{9A19103F-16F7-4668-BE54-9A1E7A4F7556}") = "Epam_task", "Epam_task.csproj", "{95AEEB4B-164A-4A23-A93F-DF8821858FED}"
EndProject
Project("{FAE04EC0-301F-11D3-BF4B-00C04F79EFBC}") = "Epam_tasks_2", "..\Epam_tasks_2\Epam_tasks_2.csproj", "{3BD24BD7-D2AA-4AA0-BC6E-2633EFE4B92E}"
EndProject
Global
	GlobalSection(SolutionConfigurationPlatforms) = preSolution
		Debug|Any CPU = Debug|Any CPU
		Release|Any CPU = Release|Any CPU
	EndGlobalSection
	GlobalSection(ProjectConfigurationPlatforms) = postSolution
		{95AEEB4B-164A-4A23-A93F-DF8821858FED}.Debug|Any CPU.ActiveCfg = Debug|Any CPU
		{95AEEB4B-164A-4A23-A93F-DF8821858FED}.Debug|Any CPU.Build.0 = Debug|Any CPU
		{95AEEB4B-164A-4A23-A93F-DF8821858FED}.Release|Any CPU.ActiveCfg = Release|Any CPU
		{95AEEB4B-164A-4A23-A93F-DF8821858FED}.Release|Any CPU.Build.0 = Release|Any CPU
		{3BD24BD7-D2AA-4AA0-BC6E-2633EFE4B92E}.Debug|Any CPU.ActiveCfg = Debug|Any CPU
		{3BD24BD7-D2AA-4AA0-BC6E-2633EFE4B92E}.Debug|Any CPU.Build.0 = Debug|Any CPU
		{3BD24BD7-D2AA-4AA0-BC6E-2633EFE4B92E}.Release|Any CPU.ActiveCfg = Release|Any CPU
		{3BD24BD7-D2AA-4AA0-BC6E-2633EFE4B92E}.Release|Any CPU.Build.0 = Release|Any CPU
	EndGlobalSection
	GlobalSection(SolutionProperties) = preSolution
		HideSolutionNode = FALSE
	EndGlobalSection
	GlobalSection(ExtensibilityGlobals) = postSolution
		SolutionGuid = {15A18C83-CD14-4F17-B5B4-2E9669AD4749}
	EndGlobalSection
EndGlobal
